
Microsoft Visual Studio Solution File, Format Version 12.00
Project("{FAE04EC0-301F-11D3-BF4B-00C04F79EFBC}") = "FixMeta", "FixMeta\FixMeta.csproj", "{765B5721-3214-4330-9F13-95E163A4B08D}"
EndProject
Global
	GlobalSection(SolutionConfigurationPlatforms) = preSolution
		Debug|Any CPU = Debug|Any CPU
		Release|Any CPU = Release|Any CPU
	EndGlobalSection
	GlobalSection(ProjectConfigurationPlatforms) = postSolution
		{765B5721-3214-4330-9F13-95E163A4B08D}.Debug|Any CPU.ActiveCfg = Debug|Any CPU
		{765B5721-3214-4330-9F13-95E163A4B08D}.Debug|Any CPU.Build.0 = Debug|Any CPU
		{765B5721-3214-4330-9F13-95E163A4B08D}.Release|Any CPU.ActiveCfg = Release|Any CPU
		{765B5721-3214-4330-9F13-95E163A4B08D}.Release|Any CPU.Build.0 = Release|Any CPU
	EndGlobalSection
EndGlobal
